
Microsoft Visual Studio Solution File, Format Version 12.00
# Visual Studio Version 17
VisualStudioVersion = 17.3.32929.385
MinimumVisualStudioVersion = 10.0.40219.1
Project("{FAE04EC0-301F-11D3-BF4B-00C04F79EFBC}") = "RealTimeWeatherMonitoring", "RealTimeWeatherMonitoring\RealTimeWeatherMonitoring.csproj", "{A61A9C92-0D0F-4E99-957C-7AA8287F9D3D}"
EndProject
Global
	GlobalSection(SolutionConfigurationPlatforms) = preSolution
		Debug|Any CPU = Debug|Any CPU
		Release|Any CPU = Release|Any CPU
	EndGlobalSection
	GlobalSection(ProjectConfigurationPlatforms) = postSolution
		{A61A9C92-0D0F-4E99-957C-7AA8287F9D3D}.Debug|Any CPU.ActiveCfg = Debug|Any CPU
		{A61A9C92-0D0F-4E99-957C-7AA8287F9D3D}.Debug|Any CPU.Build.0 = Debug|Any CPU
		{A61A9C92-0D0F-4E99-957C-7AA8287F9D3D}.Release|Any CPU.ActiveCfg = Release|Any CPU
		{A61A9C92-0D0F-4E99-957C-7AA8287F9D3D}.Release|Any CPU.Build.0 = Release|Any CPU
	EndGlobalSection
	GlobalSection(SolutionProperties) = preSolution
		HideSolutionNode = FALSE
	EndGlobalSection
	GlobalSection(ExtensibilityGlobals) = postSolution
		SolutionGuid = {CDB2D00A-82E9-46A2-A638-8956ECA025C8}
	EndGlobalSection
EndGlobal
